
Microsoft Visual Studio Solution File, Format Version 12.00
# Visual Studio Version 17
VisualStudioVersion = 17.3.32804.467
MinimumVisualStudioVersion = 10.0.40219.1
Project("{FAE04EC0-301F-11D3-BF4B-00C04F79EFBC}") = "AspFactorial", "AspFactorial\AspFactorial.csproj", "{B70C6EF4-2A2E-4E22-A946-E09276FD6C9E}"
EndProject
Global
	GlobalSection(SolutionConfigurationPlatforms) = preSolution
		Debug|Any CPU = Debug|Any CPU
		Release|Any CPU = Release|Any CPU
	EndGlobalSection
	GlobalSection(ProjectConfigurationPlatforms) = postSolution
		{B70C6EF4-2A2E-4E22-A946-E09276FD6C9E}.Debug|Any CPU.ActiveCfg = Debug|Any CPU
		{B70C6EF4-2A2E-4E22-A946-E09276FD6C9E}.Debug|Any CPU.Build.0 = Debug|Any CPU
		{B70C6EF4-2A2E-4E22-A946-E09276FD6C9E}.Release|Any CPU.ActiveCfg = Release|Any CPU
		{B70C6EF4-2A2E-4E22-A946-E09276FD6C9E}.Release|Any CPU.Build.0 = Release|Any CPU
	EndGlobalSection
	GlobalSection(SolutionProperties) = preSolution
		HideSolutionNode = FALSE
	EndGlobalSection
	GlobalSection(ExtensibilityGlobals) = postSolution
		SolutionGuid = {7469EA04-E12F-475D-B134-9F261C346FDB}
	EndGlobalSection
EndGlobal
