
Microsoft Visual Studio Solution File, Format Version 12.00
# Visual Studio Version 17
VisualStudioVersion = 17.2.32630.192
MinimumVisualStudioVersion = 10.0.40219.1
Project("{FAE04EC0-301F-11D3-BF4B-00C04F79EFBC}") = "WinFormsApp2", "WinFormsApp2\WinFormsApp2.csproj", "{640C33EA-4BD4-4E58-BC38-4E0B3B42D3CB}"
EndProject
Global
	GlobalSection(SolutionConfigurationPlatforms) = preSolution
		Debug|Any CPU = Debug|Any CPU
		Release|Any CPU = Release|Any CPU
	EndGlobalSection
	GlobalSection(ProjectConfigurationPlatforms) = postSolution
		{640C33EA-4BD4-4E58-BC38-4E0B3B42D3CB}.Debug|Any CPU.ActiveCfg = Debug|Any CPU
		{640C33EA-4BD4-4E58-BC38-4E0B3B42D3CB}.Debug|Any CPU.Build.0 = Debug|Any CPU
		{640C33EA-4BD4-4E58-BC38-4E0B3B42D3CB}.Release|Any CPU.ActiveCfg = Release|Any CPU
		{640C33EA-4BD4-4E58-BC38-4E0B3B42D3CB}.Release|Any CPU.Build.0 = Release|Any CPU
	EndGlobalSection
	GlobalSection(SolutionProperties) = preSolution
		HideSolutionNode = FALSE
	EndGlobalSection
	GlobalSection(ExtensibilityGlobals) = postSolution
		SolutionGuid = {0EAC6A20-5FE8-433F-9105-952E90482AF5}
	EndGlobalSection
EndGlobal
