
Microsoft Visual Studio Solution File, Format Version 12.00
# Visual Studio Version 17
VisualStudioVersion = 17.3.32811.315
MinimumVisualStudioVersion = 10.0.40219.1
Project("{FAE04EC0-301F-11D3-BF4B-00C04F79EFBC}") = "MultiThreading1", "MultiThreading1\MultiThreading1.csproj", "{9158FC56-7756-4A2A-AA1C-9C4914BB0871}"
EndProject
Global
	GlobalSection(SolutionConfigurationPlatforms) = preSolution
		Debug|Any CPU = Debug|Any CPU
		Release|Any CPU = Release|Any CPU
	EndGlobalSection
	GlobalSection(ProjectConfigurationPlatforms) = postSolution
		{9158FC56-7756-4A2A-AA1C-9C4914BB0871}.Debug|Any CPU.ActiveCfg = Debug|Any CPU
		{9158FC56-7756-4A2A-AA1C-9C4914BB0871}.Debug|Any CPU.Build.0 = Debug|Any CPU
		{9158FC56-7756-4A2A-AA1C-9C4914BB0871}.Release|Any CPU.ActiveCfg = Release|Any CPU
		{9158FC56-7756-4A2A-AA1C-9C4914BB0871}.Release|Any CPU.Build.0 = Release|Any CPU
	EndGlobalSection
	GlobalSection(SolutionProperties) = preSolution
		HideSolutionNode = FALSE
	EndGlobalSection
	GlobalSection(ExtensibilityGlobals) = postSolution
		SolutionGuid = {F9753473-DDD7-4A4C-A31C-BEBB40DBFF52}
	EndGlobalSection
EndGlobal
