
Microsoft Visual Studio Solution File, Format Version 12.00
# Visual Studio Version 17
VisualStudioVersion = 17.3.32811.315
MinimumVisualStudioVersion = 10.0.40219.1
Project("{FAE04EC0-301F-11D3-BF4B-00C04F79EFBC}") = "ASP_TagHelper", "ASP_TagHelper\ASP_TagHelper.csproj", "{FC1D0749-5369-4B1C-B4AA-3379F984FD4B}"
EndProject
Global
	GlobalSection(SolutionConfigurationPlatforms) = preSolution
		Debug|Any CPU = Debug|Any CPU
		Release|Any CPU = Release|Any CPU
	EndGlobalSection
	GlobalSection(ProjectConfigurationPlatforms) = postSolution
		{FC1D0749-5369-4B1C-B4AA-3379F984FD4B}.Debug|Any CPU.ActiveCfg = Debug|Any CPU
		{FC1D0749-5369-4B1C-B4AA-3379F984FD4B}.Debug|Any CPU.Build.0 = Debug|Any CPU
		{FC1D0749-5369-4B1C-B4AA-3379F984FD4B}.Release|Any CPU.ActiveCfg = Release|Any CPU
		{FC1D0749-5369-4B1C-B4AA-3379F984FD4B}.Release|Any CPU.Build.0 = Release|Any CPU
	EndGlobalSection
	GlobalSection(SolutionProperties) = preSolution
		HideSolutionNode = FALSE
	EndGlobalSection
	GlobalSection(ExtensibilityGlobals) = postSolution
		SolutionGuid = {F369F33E-E2AE-4D3E-B2BC-3BDDE8AEB9A1}
	EndGlobalSection
EndGlobal
