
Microsoft Visual Studio Solution File, Format Version 12.00
# Visual Studio Version 17
VisualStudioVersion = 17.3.32804.467
MinimumVisualStudioVersion = 10.0.40219.1
Project("{FAE04EC0-301F-11D3-BF4B-00C04F79EFBC}") = "AspCompareString", "AspCompareString\AspCompareString.csproj", "{8B7C4680-1B70-49BB-B2E3-48B032913D0C}"
EndProject
Global
	GlobalSection(SolutionConfigurationPlatforms) = preSolution
		Debug|Any CPU = Debug|Any CPU
		Release|Any CPU = Release|Any CPU
	EndGlobalSection
	GlobalSection(ProjectConfigurationPlatforms) = postSolution
		{8B7C4680-1B70-49BB-B2E3-48B032913D0C}.Debug|Any CPU.ActiveCfg = Debug|Any CPU
		{8B7C4680-1B70-49BB-B2E3-48B032913D0C}.Debug|Any CPU.Build.0 = Debug|Any CPU
		{8B7C4680-1B70-49BB-B2E3-48B032913D0C}.Release|Any CPU.ActiveCfg = Release|Any CPU
		{8B7C4680-1B70-49BB-B2E3-48B032913D0C}.Release|Any CPU.Build.0 = Release|Any CPU
	EndGlobalSection
	GlobalSection(SolutionProperties) = preSolution
		HideSolutionNode = FALSE
	EndGlobalSection
	GlobalSection(ExtensibilityGlobals) = postSolution
		SolutionGuid = {61CB45FB-4743-41EB-86D5-692443623FDD}
	EndGlobalSection
EndGlobal
